
Microsoft Visual Studio Solution File, Format Version 12.00
# Visual Studio Version 17
VisualStudioVersion = 17.8.34309.116
MinimumVisualStudioVersion = 10.0.40219.1
Project("{FAE04EC0-301F-11D3-BF4B-00C04F79EFBC}") = "RobotStudio1", "RobotStudio1\RobotStudio1.csproj", "{111BD945-0B1B-4A41-9832-9CEBD383FE55}"
EndProject
Project("{54435603-DBB4-11D2-8724-00A0C9A8B90C}") = "SetupRobotStudio", "SetupRobotStudio\SetupRobotStudio.vdproj", "{72549322-BB05-46D7-B807-53E7299D7E41}"
EndProject
Global
	GlobalSection(SolutionConfigurationPlatforms) = preSolution
		Debug|Any CPU = Debug|Any CPU
		Release|Any CPU = Release|Any CPU
	EndGlobalSection
	GlobalSection(ProjectConfigurationPlatforms) = postSolution
		{111BD945-0B1B-4A41-9832-9CEBD383FE55}.Debug|Any CPU.ActiveCfg = Debug|Any CPU
		{111BD945-0B1B-4A41-9832-9CEBD383FE55}.Debug|Any CPU.Build.0 = Debug|Any CPU
		{111BD945-0B1B-4A41-9832-9CEBD383FE55}.Release|Any CPU.ActiveCfg = Release|Any CPU
		{111BD945-0B1B-4A41-9832-9CEBD383FE55}.Release|Any CPU.Build.0 = Release|Any CPU
		{72549322-BB05-46D7-B807-53E7299D7E41}.Debug|Any CPU.ActiveCfg = Debug
		{72549322-BB05-46D7-B807-53E7299D7E41}.Release|Any CPU.ActiveCfg = Release
	EndGlobalSection
	GlobalSection(SolutionProperties) = preSolution
		HideSolutionNode = FALSE
	EndGlobalSection
	GlobalSection(ExtensibilityGlobals) = postSolution
		SolutionGuid = {985403EC-A005-4417-B2D0-5514A31137C7}
	EndGlobalSection
EndGlobal
